
Microsoft Visual Studio Solution File, Format Version 12.00
# Visual Studio Version 16
VisualStudioVersion = 16.0.31424.327
MinimumVisualStudioVersion = 10.0.40219.1
Project("{FAE04EC0-301F-11D3-BF4B-00C04F79EFBC}") = "CF_module_5_6", "CF_module_5_6\CF_module_5_6.csproj", "{784C41E4-601D-4C58-A82F-D2E1856BB90F}"
EndProject
Global
	GlobalSection(SolutionConfigurationPlatforms) = preSolution
		Debug|Any CPU = Debug|Any CPU
		Release|Any CPU = Release|Any CPU
	EndGlobalSection
	GlobalSection(ProjectConfigurationPlatforms) = postSolution
		{784C41E4-601D-4C58-A82F-D2E1856BB90F}.Debug|Any CPU.ActiveCfg = Debug|Any CPU
		{784C41E4-601D-4C58-A82F-D2E1856BB90F}.Debug|Any CPU.Build.0 = Debug|Any CPU
		{784C41E4-601D-4C58-A82F-D2E1856BB90F}.Release|Any CPU.ActiveCfg = Release|Any CPU
		{784C41E4-601D-4C58-A82F-D2E1856BB90F}.Release|Any CPU.Build.0 = Release|Any CPU
	EndGlobalSection
	GlobalSection(SolutionProperties) = preSolution
		HideSolutionNode = FALSE
	EndGlobalSection
	GlobalSection(ExtensibilityGlobals) = postSolution
		SolutionGuid = {752359C6-C075-446F-BDE0-BFB5545F96DF}
	EndGlobalSection
EndGlobal
